{
  "requires": true,
  "lockfileVersion": 1,
  "dependencies": {
    "X-editable": {
      "version": "github:vitalets/x-editable#f32802f48a33b8a7ec9cca32eec4ca844b7d39b2",
      "from": "github:vitalets/x-editable#1.5.1"
    },
    "bootstrap": {
      "version": "3.4.1",
      "resolved": "https://registry.npmjs.org/bootstrap/-/bootstrap-3.4.1.tgz",
      "integrity": "sha512-yN5oZVmRCwe5aKwzRj6736nSmKDX7pLYwsXiCj/EYmo16hODaBiT4En5btW/jhBF/seV+XMx3aYwukYC3A49DA=="
    },
    "bootstrap-confirmation": {
      "version": "0.0.2",
      "resolved": "https://registry.npmjs.org/bootstrap-confirmation/-/bootstrap-confirmation-0.0.2.tgz",
      "integrity": "sha1-hG/MlxjPcuWtQFOxx4R42SosPVw="
    },
    "bootstrap-datetime-picker": {
      "version": "github:auspexeu/bootstrap-datetimepicker#32143c8b45575e51c92a8e29997cbe556d1bbba3",
      "from": "github:auspexeu/bootstrap-datetimepicker#2.4.4"
    },
    "font-awesome": {
      "version": "4.7.0",
      "resolved": "https://registry.npmjs.org/font-awesome/-/font-awesome-4.7.0.tgz",
      "integrity": "sha1-j6jPBBGhoxr9B7BtKQK7n8gVoTM="
    },
    "jquery": {
      "version": "3.4.1",
      "resolved": "https://registry.npmjs.org/jquery/-/jquery-3.4.1.tgz",
      "integrity": "sha512-36+AdBzCL+y6qjw5Tx7HgzeGCzC81MDDgaUP8ld2zhx58HdqXGoBd+tHdrBMiyjGQs0Hxs/MLZTu/eHNJJuWPw=="
    },
    "select2": {
      "version": "4.0.7",
      "resolved": "https://registry.npmjs.org/select2/-/select2-4.0.7.tgz",
      "integrity": "sha512-t46Z2nkEEYnBYdRpLNw5dj9qqO+YTiTlWKnpJ/B5e1Q3hPND00JRgcLJxYRzqpeLZd+ZkszkHEMagLKIfbTjVA=="
    },
    "select2-bootstrap-theme": {
      "version": "0.1.0-beta.10",
      "resolved": "https://registry.npmjs.org/select2-bootstrap-theme/-/select2-bootstrap-theme-0.1.0-beta.10.tgz",
      "integrity": "sha1-uUJuz8A79KI152oTI3dXQxBGmsA="
    }
  }
}
